
Microsoft Visual Studio Solution File, Format Version 10.00
# Visual Studio 2008
Project("{FAE04EC0-301F-11D3-BF4B-00C04F79EFBC}") = "MainProgram", "MainProgram\MainProgram.csproj", "{F4A79F8B-5CF3-4AFB-81A6-C2DDE642FB2F}"
EndProject
Project("{FAE04EC0-301F-11D3-BF4B-00C04F79EFBC}") = "YANGSYS.ControlLib", "YANGSYS.ControlLib\YANGSYS.ControlLib.csproj", "{63F72FD0-F514-4A1D-BD91-621A786788F4}"
EndProject
Project("{FAE04EC0-301F-11D3-BF4B-00C04F79EFBC}") = "YANGSYS.UI.WHTM", "YANGSYS.UI\YANGSYS.UI.WHTM.csproj", "{471E5ED7-74B1-488A-ACD8-7678050668DE}"
EndProject
Project("{FAE04EC0-301F-11D3-BF4B-00C04F79EFBC}") = "YANGSYS.Simulator.Probe", "YANGSYS.Simulator.Probe\YANGSYS.Simulator.Probe.csproj", "{04DA031D-422A-49CF-9E72-5A5E80592507}"
EndProject
Project("{FAE04EC0-301F-11D3-BF4B-00C04F79EFBC}") = "YANGSYS.Manager", "YANGSYS.Manager\YANGSYS.Manager.csproj", "{A61D60F7-21FA-4EC1-9B44-CB355983580D}"
EndProject
Project("{FAE04EC0-301F-11D3-BF4B-00C04F79EFBC}") = "YANGSYS.Simulator.WHTM", "YANGSYS.Simulator.WHTM\YANGSYS.Simulator.WHTM.csproj", "{AD950D8F-C2B9-4767-B892-7785ABAE18AC}"
EndProject
Project("{2150E333-8FDC-42A3-9474-1A3956D46DE8}") = "YANGSYS.B07", "YANGSYS.B07", "{3A5253BD-B463-4960-842C-572807FA1B06}"
EndProject
Project("{2150E333-8FDC-42A3-9474-1A3956D46DE8}") = "YANGSYS.B10", "YANGSYS.B10", "{8F55A2CE-B624-405E-8541-F00A7FCDB609}"
EndProject
Project("{2150E333-8FDC-42A3-9474-1A3956D46DE8}") = "YANGSYS.WHTM", "YANGSYS.WHTM", "{DBDB1228-B5E3-4EA2-84A1-200E57F39DA6}"
EndProject
Project("{FAE04EC0-301F-11D3-BF4B-00C04F79EFBC}") = "YANGSYS.Biz.B7", "YANGSYS.Biz.B7\YANGSYS.Biz.B7.csproj", "{B01C2724-0F78-4E0C-BA6C-10FC80756969}"
EndProject
Project("{FAE04EC0-301F-11D3-BF4B-00C04F79EFBC}") = "YANGSYS.UI.B7", "YANGSYS.UI.B7\YANGSYS.UI.B7.csproj", "{908239F5-53E9-4A99-B393-5C05846EE16E}"
EndProject
Project("{FAE04EC0-301F-11D3-BF4B-00C04F79EFBC}") = "YANGSYS.CommDrv", "YANGSYS.CommIF\YANGSYS.CommDrv.csproj", "{102B98EA-2AF2-4C62-A11D-DFC00E838F2A}"
EndProject
Project("{FAE04EC0-301F-11D3-BF4B-00C04F79EFBC}") = "YANGSYS.Biz.B10", "YANGSYS.Biz.B10\YANGSYS.Biz.B10.csproj", "{95AF6AB4-18C8-4EB6-8C4E-0CCA03F44C58}"
EndProject
Project("{FAE04EC0-301F-11D3-BF4B-00C04F79EFBC}") = "YANGSYS.Simulator", "YANGSYS.Simulator\YANGSYS.Simulator.csproj", "{0E8AB6F2-E33C-445D-9A03-F0B562D7E5DE}"
EndProject
Project("{FAE04EC0-301F-11D3-BF4B-00C04F79EFBC}") = "YANGSYS.UI.B10", "YANGSYS.UI.B10\YANGSYS.UI.B10.csproj", "{B4418575-1A3E-438D-A4D3-BC23E71EA1F7}"
EndProject
Project("{FAE04EC0-301F-11D3-BF4B-00C04F79EFBC}") = "MainLibrary", "MainLibrary\MainLibrary.csproj", "{8128866B-8D67-43DB-8696-8E8234049A7D}"
EndProject
Project("{FAE04EC0-301F-11D3-BF4B-00C04F79EFBC}") = "YANGSYS.Biz.WHTM", "YANGSYS.Biz.WHTM\YANGSYS.Biz.WHTM.csproj", "{E23B9512-974D-4EF4-ABC8-D32A344F4F7F}"
EndProject
Global
	GlobalSection(SolutionConfigurationPlatforms) = preSolution
		Debug|Any CPU = Debug|Any CPU
		Debug|x64 = Debug|x64
		Debug|x86 = Debug|x86
		Release|Any CPU = Release|Any CPU
		Release|x64 = Release|x64
		Release|x86 = Release|x86
	EndGlobalSection
	GlobalSection(ProjectConfigurationPlatforms) = postSolution
		{F4A79F8B-5CF3-4AFB-81A6-C2DDE642FB2F}.Debug|Any CPU.ActiveCfg = Debug|Any CPU
		{F4A79F8B-5CF3-4AFB-81A6-C2DDE642FB2F}.Debug|Any CPU.Build.0 = Debug|Any CPU
		{F4A79F8B-5CF3-4AFB-81A6-C2DDE642FB2F}.Debug|x64.ActiveCfg = Debug|x86
		{F4A79F8B-5CF3-4AFB-81A6-C2DDE642FB2F}.Debug|x64.Build.0 = Debug|x86
		{F4A79F8B-5CF3-4AFB-81A6-C2DDE642FB2F}.Debug|x86.ActiveCfg = Debug|x86
		{F4A79F8B-5CF3-4AFB-81A6-C2DDE642FB2F}.Debug|x86.Build.0 = Debug|x86
		{F4A79F8B-5CF3-4AFB-81A6-C2DDE642FB2F}.Release|Any CPU.ActiveCfg = Release|Any CPU
		{F4A79F8B-5CF3-4AFB-81A6-C2DDE642FB2F}.Release|Any CPU.Build.0 = Release|Any CPU
		{F4A79F8B-5CF3-4AFB-81A6-C2DDE642FB2F}.Release|x64.ActiveCfg = Release|x86
		{F4A79F8B-5CF3-4AFB-81A6-C2DDE642FB2F}.Release|x86.ActiveCfg = Release|x86
		{F4A79F8B-5CF3-4AFB-81A6-C2DDE642FB2F}.Release|x86.Build.0 = Release|x86
		{63F72FD0-F514-4A1D-BD91-621A786788F4}.Debug|Any CPU.ActiveCfg = Debug|Any CPU
		{63F72FD0-F514-4A1D-BD91-621A786788F4}.Debug|Any CPU.Build.0 = Debug|Any CPU
		{63F72FD0-F514-4A1D-BD91-621A786788F4}.Debug|x64.ActiveCfg = Debug|x86
		{63F72FD0-F514-4A1D-BD91-621A786788F4}.Debug|x64.Build.0 = Debug|x86
		{63F72FD0-F514-4A1D-BD91-621A786788F4}.Debug|x86.ActiveCfg = Debug|x86
		{63F72FD0-F514-4A1D-BD91-621A786788F4}.Debug|x86.Build.0 = Debug|x86
		{63F72FD0-F514-4A1D-BD91-621A786788F4}.Release|Any CPU.ActiveCfg = Release|Any CPU
		{63F72FD0-F514-4A1D-BD91-621A786788F4}.Release|Any CPU.Build.0 = Release|Any CPU
		{63F72FD0-F514-4A1D-BD91-621A786788F4}.Release|x64.ActiveCfg = Release|x86
		{63F72FD0-F514-4A1D-BD91-621A786788F4}.Release|x86.ActiveCfg = Release|x86
		{63F72FD0-F514-4A1D-BD91-621A786788F4}.Release|x86.Build.0 = Release|x86
		{471E5ED7-74B1-488A-ACD8-7678050668DE}.Debug|Any CPU.ActiveCfg = Debug|Any CPU
		{471E5ED7-74B1-488A-ACD8-7678050668DE}.Debug|Any CPU.Build.0 = Debug|Any CPU
		{471E5ED7-74B1-488A-ACD8-7678050668DE}.Debug|x64.ActiveCfg = Debug|x86
		{471E5ED7-74B1-488A-ACD8-7678050668DE}.Debug|x64.Build.0 = Debug|x86
		{471E5ED7-74B1-488A-ACD8-7678050668DE}.Debug|x86.ActiveCfg = Debug|x86
		{471E5ED7-74B1-488A-ACD8-7678050668DE}.Debug|x86.Build.0 = Debug|x86
		{471E5ED7-74B1-488A-ACD8-7678050668DE}.Release|Any CPU.ActiveCfg = Release|Any CPU
		{471E5ED7-74B1-488A-ACD8-7678050668DE}.Release|Any CPU.Build.0 = Release|Any CPU
		{471E5ED7-74B1-488A-ACD8-7678050668DE}.Release|x64.ActiveCfg = Release|x86
		{471E5ED7-74B1-488A-ACD8-7678050668DE}.Release|x86.ActiveCfg = Release|x86
		{471E5ED7-74B1-488A-ACD8-7678050668DE}.Release|x86.Build.0 = Release|x86
		{04DA031D-422A-49CF-9E72-5A5E80592507}.Debug|Any CPU.ActiveCfg = Debug|Any CPU
		{04DA031D-422A-49CF-9E72-5A5E80592507}.Debug|Any CPU.Build.0 = Debug|Any CPU
		{04DA031D-422A-49CF-9E72-5A5E80592507}.Debug|x64.ActiveCfg = Debug|x86
		{04DA031D-422A-49CF-9E72-5A5E80592507}.Debug|x64.Build.0 = Debug|x86
		{04DA031D-422A-49CF-9E72-5A5E80592507}.Debug|x86.ActiveCfg = Debug|x86
		{04DA031D-422A-49CF-9E72-5A5E80592507}.Debug|x86.Build.0 = Debug|x86
		{04DA031D-422A-49CF-9E72-5A5E80592507}.Release|Any CPU.ActiveCfg = Release|Any CPU
		{04DA031D-422A-49CF-9E72-5A5E80592507}.Release|Any CPU.Build.0 = Release|Any CPU
		{04DA031D-422A-49CF-9E72-5A5E80592507}.Release|x64.ActiveCfg = Release|x86
		{04DA031D-422A-49CF-9E72-5A5E80592507}.Release|x86.ActiveCfg = Release|Any CPU
		{A61D60F7-21FA-4EC1-9B44-CB355983580D}.Debug|Any CPU.ActiveCfg = Debug|Any CPU
		{A61D60F7-21FA-4EC1-9B44-CB355983580D}.Debug|Any CPU.Build.0 = Debug|Any CPU
		{A61D60F7-21FA-4EC1-9B44-CB355983580D}.Debug|x64.ActiveCfg = Debug|Any CPU
		{A61D60F7-21FA-4EC1-9B44-CB355983580D}.Debug|x86.ActiveCfg = Debug|x86
		{A61D60F7-21FA-4EC1-9B44-CB355983580D}.Debug|x86.Build.0 = Debug|x86
		{A61D60F7-21FA-4EC1-9B44-CB355983580D}.Release|Any CPU.ActiveCfg = Release|Any CPU
		{A61D60F7-21FA-4EC1-9B44-CB355983580D}.Release|Any CPU.Build.0 = Release|Any CPU
		{A61D60F7-21FA-4EC1-9B44-CB355983580D}.Release|x64.ActiveCfg = Release|Any CPU
		{A61D60F7-21FA-4EC1-9B44-CB355983580D}.Release|x86.ActiveCfg = Release|Any CPU
		{AD950D8F-C2B9-4767-B892-7785ABAE18AC}.Debug|Any CPU.ActiveCfg = Debug|Any CPU
		{AD950D8F-C2B9-4767-B892-7785ABAE18AC}.Debug|Any CPU.Build.0 = Debug|Any CPU
		{AD950D8F-C2B9-4767-B892-7785ABAE18AC}.Debug|x64.ActiveCfg = Debug|x86
		{AD950D8F-C2B9-4767-B892-7785ABAE18AC}.Debug|x86.ActiveCfg = Debug|x86
		{AD950D8F-C2B9-4767-B892-7785ABAE18AC}.Debug|x86.Build.0 = Debug|x86
		{AD950D8F-C2B9-4767-B892-7785ABAE18AC}.Release|Any CPU.ActiveCfg = Release|Any CPU
		{AD950D8F-C2B9-4767-B892-7785ABAE18AC}.Release|Any CPU.Build.0 = Release|Any CPU
		{AD950D8F-C2B9-4767-B892-7785ABAE18AC}.Release|x64.ActiveCfg = Release|x86
		{AD950D8F-C2B9-4767-B892-7785ABAE18AC}.Release|x86.ActiveCfg = Release|x86
		{AD950D8F-C2B9-4767-B892-7785ABAE18AC}.Release|x86.Build.0 = Release|x86
		{B01C2724-0F78-4E0C-BA6C-10FC80756969}.Debug|Any CPU.ActiveCfg = Debug|Any CPU
		{B01C2724-0F78-4E0C-BA6C-10FC80756969}.Debug|Any CPU.Build.0 = Debug|Any CPU
		{B01C2724-0F78-4E0C-BA6C-10FC80756969}.Debug|x64.ActiveCfg = Debug|x86
		{B01C2724-0F78-4E0C-BA6C-10FC80756969}.Debug|x86.ActiveCfg = Debug|x86
		{B01C2724-0F78-4E0C-BA6C-10FC80756969}.Debug|x86.Build.0 = Debug|x86
		{B01C2724-0F78-4E0C-BA6C-10FC80756969}.Release|Any CPU.ActiveCfg = Release|Any CPU
		{B01C2724-0F78-4E0C-BA6C-10FC80756969}.Release|Any CPU.Build.0 = Release|Any CPU
		{B01C2724-0F78-4E0C-BA6C-10FC80756969}.Release|x64.ActiveCfg = Release|x86
		{B01C2724-0F78-4E0C-BA6C-10FC80756969}.Release|x86.ActiveCfg = Release|x86
		{B01C2724-0F78-4E0C-BA6C-10FC80756969}.Release|x86.Build.0 = Release|x86
		{908239F5-53E9-4A99-B393-5C05846EE16E}.Debug|Any CPU.ActiveCfg = Debug|Any CPU
		{908239F5-53E9-4A99-B393-5C05846EE16E}.Debug|Any CPU.Build.0 = Debug|Any CPU
		{908239F5-53E9-4A99-B393-5C05846EE16E}.Debug|x64.ActiveCfg = Debug|x86
		{908239F5-53E9-4A99-B393-5C05846EE16E}.Debug|x86.ActiveCfg = Debug|x86
		{908239F5-53E9-4A99-B393-5C05846EE16E}.Debug|x86.Build.0 = Debug|x86
		{908239F5-53E9-4A99-B393-5C05846EE16E}.Release|Any CPU.ActiveCfg = Release|Any CPU
		{908239F5-53E9-4A99-B393-5C05846EE16E}.Release|Any CPU.Build.0 = Release|Any CPU
		{908239F5-53E9-4A99-B393-5C05846EE16E}.Release|x64.ActiveCfg = Release|x86
		{908239F5-53E9-4A99-B393-5C05846EE16E}.Release|x86.ActiveCfg = Release|x86
		{908239F5-53E9-4A99-B393-5C05846EE16E}.Release|x86.Build.0 = Release|x86
		{102B98EA-2AF2-4C62-A11D-DFC00E838F2A}.Debug|Any CPU.ActiveCfg = Debug|Any CPU
		{102B98EA-2AF2-4C62-A11D-DFC00E838F2A}.Debug|Any CPU.Build.0 = Debug|Any CPU
		{102B98EA-2AF2-4C62-A11D-DFC00E838F2A}.Debug|x64.ActiveCfg = Debug|x86
		{102B98EA-2AF2-4C62-A11D-DFC00E838F2A}.Debug|x86.ActiveCfg = Debug|x86
		{102B98EA-2AF2-4C62-A11D-DFC00E838F2A}.Debug|x86.Build.0 = Debug|x86
		{102B98EA-2AF2-4C62-A11D-DFC00E838F2A}.Release|Any CPU.ActiveCfg = Release|Any CPU
		{102B98EA-2AF2-4C62-A11D-DFC00E838F2A}.Release|Any CPU.Build.0 = Release|Any CPU
		{102B98EA-2AF2-4C62-A11D-DFC00E838F2A}.Release|x64.ActiveCfg = Release|x86
		{102B98EA-2AF2-4C62-A11D-DFC00E838F2A}.Release|x86.ActiveCfg = Release|x86
		{102B98EA-2AF2-4C62-A11D-DFC00E838F2A}.Release|x86.Build.0 = Release|x86
		{95AF6AB4-18C8-4EB6-8C4E-0CCA03F44C58}.Debug|Any CPU.ActiveCfg = Debug|Any CPU
		{95AF6AB4-18C8-4EB6-8C4E-0CCA03F44C58}.Debug|Any CPU.Build.0 = Debug|Any CPU
		{95AF6AB4-18C8-4EB6-8C4E-0CCA03F44C58}.Debug|x64.ActiveCfg = Debug|x86
		{95AF6AB4-18C8-4EB6-8C4E-0CCA03F44C58}.Debug|x86.ActiveCfg = Debug|x86
		{95AF6AB4-18C8-4EB6-8C4E-0CCA03F44C58}.Debug|x86.Build.0 = Debug|x86
		{95AF6AB4-18C8-4EB6-8C4E-0CCA03F44C58}.Release|Any CPU.ActiveCfg = Release|Any CPU
		{95AF6AB4-18C8-4EB6-8C4E-0CCA03F44C58}.Release|Any CPU.Build.0 = Release|Any CPU
		{95AF6AB4-18C8-4EB6-8C4E-0CCA03F44C58}.Release|x64.ActiveCfg = Release|x86
		{95AF6AB4-18C8-4EB6-8C4E-0CCA03F44C58}.Release|x86.ActiveCfg = Release|x86
		{95AF6AB4-18C8-4EB6-8C4E-0CCA03F44C58}.Release|x86.Build.0 = Release|x86
		{0E8AB6F2-E33C-445D-9A03-F0B562D7E5DE}.Debug|Any CPU.ActiveCfg = Debug|Any CPU
		{0E8AB6F2-E33C-445D-9A03-F0B562D7E5DE}.Debug|Any CPU.Build.0 = Debug|Any CPU
		{0E8AB6F2-E33C-445D-9A03-F0B562D7E5DE}.Debug|x64.ActiveCfg = Debug|x86
		{0E8AB6F2-E33C-445D-9A03-F0B562D7E5DE}.Debug|x86.ActiveCfg = Debug|x86
		{0E8AB6F2-E33C-445D-9A03-F0B562D7E5DE}.Debug|x86.Build.0 = Debug|x86
		{0E8AB6F2-E33C-445D-9A03-F0B562D7E5DE}.Release|Any CPU.ActiveCfg = Release|Any CPU
		{0E8AB6F2-E33C-445D-9A03-F0B562D7E5DE}.Release|Any CPU.Build.0 = Release|Any CPU
		{0E8AB6F2-E33C-445D-9A03-F0B562D7E5DE}.Release|x64.ActiveCfg = Release|x86
		{0E8AB6F2-E33C-445D-9A03-F0B562D7E5DE}.Release|x86.ActiveCfg = Release|x86
		{0E8AB6F2-E33C-445D-9A03-F0B562D7E5DE}.Release|x86.Build.0 = Release|x86
		{B4418575-1A3E-438D-A4D3-BC23E71EA1F7}.Debug|Any CPU.ActiveCfg = Debug|Any CPU
		{B4418575-1A3E-438D-A4D3-BC23E71EA1F7}.Debug|Any CPU.Build.0 = Debug|Any CPU
		{B4418575-1A3E-438D-A4D3-BC23E71EA1F7}.Debug|x64.ActiveCfg = Debug|x86
		{B4418575-1A3E-438D-A4D3-BC23E71EA1F7}.Debug|x86.ActiveCfg = Debug|x86
		{B4418575-1A3E-438D-A4D3-BC23E71EA1F7}.Debug|x86.Build.0 = Debug|x86
		{B4418575-1A3E-438D-A4D3-BC23E71EA1F7}.Release|Any CPU.ActiveCfg = Release|Any CPU
		{B4418575-1A3E-438D-A4D3-BC23E71EA1F7}.Release|Any CPU.Build.0 = Release|Any CPU
		{B4418575-1A3E-438D-A4D3-BC23E71EA1F7}.Release|x64.ActiveCfg = Release|x86
		{B4418575-1A3E-438D-A4D3-BC23E71EA1F7}.Release|x86.ActiveCfg = Release|x86
		{B4418575-1A3E-438D-A4D3-BC23E71EA1F7}.Release|x86.Build.0 = Release|x86
		{8128866B-8D67-43DB-8696-8E8234049A7D}.Debug|Any CPU.ActiveCfg = Debug|Any CPU
		{8128866B-8D67-43DB-8696-8E8234049A7D}.Debug|Any CPU.Build.0 = Debug|Any CPU
		{8128866B-8D67-43DB-8696-8E8234049A7D}.Debug|x64.ActiveCfg = Debug|x86
		{8128866B-8D67-43DB-8696-8E8234049A7D}.Debug|x86.ActiveCfg = Debug|x86
		{8128866B-8D67-43DB-8696-8E8234049A7D}.Debug|x86.Build.0 = Debug|x86
		{8128866B-8D67-43DB-8696-8E8234049A7D}.Release|Any CPU.ActiveCfg = Release|Any CPU
		{8128866B-8D67-43DB-8696-8E8234049A7D}.Release|Any CPU.Build.0 = Release|Any CPU
		{8128866B-8D67-43DB-8696-8E8234049A7D}.Release|x64.ActiveCfg = Release|x86
		{8128866B-8D67-43DB-8696-8E8234049A7D}.Release|x86.ActiveCfg = Release|x86
		{8128866B-8D67-43DB-8696-8E8234049A7D}.Release|x86.Build.0 = Release|x86
		{E23B9512-974D-4EF4-ABC8-D32A344F4F7F}.Debug|Any CPU.ActiveCfg = Debug|Any CPU
		{E23B9512-974D-4EF4-ABC8-D32A344F4F7F}.Debug|Any CPU.Build.0 = Debug|Any CPU
		{E23B9512-974D-4EF4-ABC8-D32A344F4F7F}.Debug|x64.ActiveCfg = Debug|x86
		{E23B9512-974D-4EF4-ABC8-D32A344F4F7F}.Debug|x86.ActiveCfg = Debug|x86
		{E23B9512-974D-4EF4-ABC8-D32A344F4F7F}.Debug|x86.Build.0 = Debug|x86
		{E23B9512-974D-4EF4-ABC8-D32A344F4F7F}.Release|Any CPU.ActiveCfg = Release|Any CPU
		{E23B9512-974D-4EF4-ABC8-D32A344F4F7F}.Release|Any CPU.Build.0 = Release|Any CPU
		{E23B9512-974D-4EF4-ABC8-D32A344F4F7F}.Release|x64.ActiveCfg = Release|x86
		{E23B9512-974D-4EF4-ABC8-D32A344F4F7F}.Release|x86.ActiveCfg = Release|x86
		{E23B9512-974D-4EF4-ABC8-D32A344F4F7F}.Release|x86.Build.0 = Release|x86
	EndGlobalSection
	GlobalSection(SolutionProperties) = preSolution
		HideSolutionNode = FALSE
	EndGlobalSection
	GlobalSection(NestedProjects) = preSolution
		{A61D60F7-21FA-4EC1-9B44-CB355983580D} = {DBDB1228-B5E3-4EA2-84A1-200E57F39DA6}
		{AD950D8F-C2B9-4767-B892-7785ABAE18AC} = {DBDB1228-B5E3-4EA2-84A1-200E57F39DA6}
		{471E5ED7-74B1-488A-ACD8-7678050668DE} = {DBDB1228-B5E3-4EA2-84A1-200E57F39DA6}
		{E23B9512-974D-4EF4-ABC8-D32A344F4F7F} = {DBDB1228-B5E3-4EA2-84A1-200E57F39DA6}
		{B01C2724-0F78-4E0C-BA6C-10FC80756969} = {3A5253BD-B463-4960-842C-572807FA1B06}
		{908239F5-53E9-4A99-B393-5C05846EE16E} = {3A5253BD-B463-4960-842C-572807FA1B06}
		{95AF6AB4-18C8-4EB6-8C4E-0CCA03F44C58} = {8F55A2CE-B624-405E-8541-F00A7FCDB609}
		{0E8AB6F2-E33C-445D-9A03-F0B562D7E5DE} = {8F55A2CE-B624-405E-8541-F00A7FCDB609}
		{B4418575-1A3E-438D-A4D3-BC23E71EA1F7} = {8F55A2CE-B624-405E-8541-F00A7FCDB609}
	EndGlobalSection
EndGlobal
